
Microsoft Visual Studio Solution File, Format Version 12.00
# Visual Studio Version 16
VisualStudioVersion = 16.0.33529.622
MinimumVisualStudioVersion = 10.0.40219.1
Project("{FAE04EC0-301F-11D3-BF4B-00C04F79EFBC}") = "ShipeeziAutomation", "ShipeeziAutomation\ShipeeziAutomation.csproj", "{9982C106-40A7-4252-BA40-9454905ED533}"
EndProject
Project("{FAE04EC0-301F-11D3-BF4B-00C04F79EFBC}") = "LoggerService", "..\..\..\..\source\repos\LoggerService\LoggerService.csproj", "{39DF6806-E70D-43AE-906E-AE66791EF3B6}"
EndProject
Project("{FAE04EC0-301F-11D3-BF4B-00C04F79EFBC}") = "ExcelDataExchange", "..\..\ÉxcelDataExchange\ExcelDataExchange.csproj", "{564182C6-8609-45DC-A0A6-3D9DF37F2594}"
EndProject
Global
	GlobalSection(SolutionConfigurationPlatforms) = preSolution
		2023|Any CPU = 2023|Any CPU
		2023|x64 = 2023|x64
		Debug|Any CPU = Debug|Any CPU
		Debug|x64 = Debug|x64
		Release|Any CPU = Release|Any CPU
		Release|x64 = Release|x64
		SPECIAL|Any CPU = SPECIAL|Any CPU
		SPECIAL|x64 = SPECIAL|x64
	EndGlobalSection
	GlobalSection(ProjectConfigurationPlatforms) = postSolution
		{9982C106-40A7-4252-BA40-9454905ED533}.2023|Any CPU.ActiveCfg = Debug|Any CPU
		{9982C106-40A7-4252-BA40-9454905ED533}.2023|Any CPU.Build.0 = Debug|Any CPU
		{9982C106-40A7-4252-BA40-9454905ED533}.2023|x64.ActiveCfg = Debug|Any CPU
		{9982C106-40A7-4252-BA40-9454905ED533}.2023|x64.Build.0 = Debug|Any CPU
		{9982C106-40A7-4252-BA40-9454905ED533}.Debug|Any CPU.ActiveCfg = Debug|Any CPU
		{9982C106-40A7-4252-BA40-9454905ED533}.Debug|Any CPU.Build.0 = Debug|Any CPU
		{9982C106-40A7-4252-BA40-9454905ED533}.Debug|x64.ActiveCfg = Debug|Any CPU
		{9982C106-40A7-4252-BA40-9454905ED533}.Debug|x64.Build.0 = Debug|Any CPU
		{9982C106-40A7-4252-BA40-9454905ED533}.Release|Any CPU.ActiveCfg = Release|Any CPU
		{9982C106-40A7-4252-BA40-9454905ED533}.Release|Any CPU.Build.0 = Release|Any CPU
		{9982C106-40A7-4252-BA40-9454905ED533}.Release|x64.ActiveCfg = Release|Any CPU
		{9982C106-40A7-4252-BA40-9454905ED533}.Release|x64.Build.0 = Release|Any CPU
		{9982C106-40A7-4252-BA40-9454905ED533}.SPECIAL|Any CPU.ActiveCfg = Debug|Any CPU
		{9982C106-40A7-4252-BA40-9454905ED533}.SPECIAL|Any CPU.Build.0 = Debug|Any CPU
		{9982C106-40A7-4252-BA40-9454905ED533}.SPECIAL|x64.ActiveCfg = Debug|Any CPU
		{9982C106-40A7-4252-BA40-9454905ED533}.SPECIAL|x64.Build.0 = Debug|Any CPU
		{39DF6806-E70D-43AE-906E-AE66791EF3B6}.2023|Any CPU.ActiveCfg = 2023|Any CPU
		{39DF6806-E70D-43AE-906E-AE66791EF3B6}.2023|Any CPU.Build.0 = 2023|Any CPU
		{39DF6806-E70D-43AE-906E-AE66791EF3B6}.2023|x64.ActiveCfg = 2023|x64
		{39DF6806-E70D-43AE-906E-AE66791EF3B6}.2023|x64.Build.0 = 2023|x64
		{39DF6806-E70D-43AE-906E-AE66791EF3B6}.Debug|Any CPU.ActiveCfg = Debug|Any CPU
		{39DF6806-E70D-43AE-906E-AE66791EF3B6}.Debug|Any CPU.Build.0 = Debug|Any CPU
		{39DF6806-E70D-43AE-906E-AE66791EF3B6}.Debug|x64.ActiveCfg = Debug|x64
		{39DF6806-E70D-43AE-906E-AE66791EF3B6}.Debug|x64.Build.0 = Debug|x64
		{39DF6806-E70D-43AE-906E-AE66791EF3B6}.Release|Any CPU.ActiveCfg = Release|Any CPU
		{39DF6806-E70D-43AE-906E-AE66791EF3B6}.Release|Any CPU.Build.0 = Release|Any CPU
		{39DF6806-E70D-43AE-906E-AE66791EF3B6}.Release|x64.ActiveCfg = Release|x64
		{39DF6806-E70D-43AE-906E-AE66791EF3B6}.Release|x64.Build.0 = Release|x64
		{39DF6806-E70D-43AE-906E-AE66791EF3B6}.SPECIAL|Any CPU.ActiveCfg = SPECIAL|Any CPU
		{39DF6806-E70D-43AE-906E-AE66791EF3B6}.SPECIAL|Any CPU.Build.0 = SPECIAL|Any CPU
		{39DF6806-E70D-43AE-906E-AE66791EF3B6}.SPECIAL|x64.ActiveCfg = SPECIAL|x64
		{39DF6806-E70D-43AE-906E-AE66791EF3B6}.SPECIAL|x64.Build.0 = SPECIAL|x64
		{564182C6-8609-45DC-A0A6-3D9DF37F2594}.2023|Any CPU.ActiveCfg = Debug|Any CPU
		{564182C6-8609-45DC-A0A6-3D9DF37F2594}.2023|Any CPU.Build.0 = Debug|Any CPU
		{564182C6-8609-45DC-A0A6-3D9DF37F2594}.2023|x64.ActiveCfg = Debug|Any CPU
		{564182C6-8609-45DC-A0A6-3D9DF37F2594}.2023|x64.Build.0 = Debug|Any CPU
		{564182C6-8609-45DC-A0A6-3D9DF37F2594}.Debug|Any CPU.ActiveCfg = Debug|Any CPU
		{564182C6-8609-45DC-A0A6-3D9DF37F2594}.Debug|Any CPU.Build.0 = Debug|Any CPU
		{564182C6-8609-45DC-A0A6-3D9DF37F2594}.Debug|x64.ActiveCfg = Debug|Any CPU
		{564182C6-8609-45DC-A0A6-3D9DF37F2594}.Debug|x64.Build.0 = Debug|Any CPU
		{564182C6-8609-45DC-A0A6-3D9DF37F2594}.Release|Any CPU.ActiveCfg = Release|Any CPU
		{564182C6-8609-45DC-A0A6-3D9DF37F2594}.Release|Any CPU.Build.0 = Release|Any CPU
		{564182C6-8609-45DC-A0A6-3D9DF37F2594}.Release|x64.ActiveCfg = Release|Any CPU
		{564182C6-8609-45DC-A0A6-3D9DF37F2594}.Release|x64.Build.0 = Release|Any CPU
		{564182C6-8609-45DC-A0A6-3D9DF37F2594}.SPECIAL|Any CPU.ActiveCfg = Debug|Any CPU
		{564182C6-8609-45DC-A0A6-3D9DF37F2594}.SPECIAL|Any CPU.Build.0 = Debug|Any CPU
		{564182C6-8609-45DC-A0A6-3D9DF37F2594}.SPECIAL|x64.ActiveCfg = Debug|Any CPU
		{564182C6-8609-45DC-A0A6-3D9DF37F2594}.SPECIAL|x64.Build.0 = Debug|Any CPU
	EndGlobalSection
	GlobalSection(SolutionProperties) = preSolution
		HideSolutionNode = FALSE
	EndGlobalSection
	GlobalSection(ExtensibilityGlobals) = postSolution
		SolutionGuid = {D9C0756F-7944-47AD-B038-5D3C811FB604}
	EndGlobalSection
EndGlobal
